
Microsoft Visual Studio Solution File, Format Version 12.00
# Visual Studio Version 17
VisualStudioVersion = 17.4.33213.308
MinimumVisualStudioVersion = 10.0.40219.1
Project("{FAE04EC0-301F-11D3-BF4B-00C04F79EFBC}") = "WinFormsApp2", "WinFormsApp2\WinFormsApp2.csproj", "{80B58266-0D7E-47A9-95F3-49189D8F324E}"
EndProject
Global
	GlobalSection(SolutionConfigurationPlatforms) = preSolution
		Debug|Any CPU = Debug|Any CPU
		Release|Any CPU = Release|Any CPU
	EndGlobalSection
	GlobalSection(ProjectConfigurationPlatforms) = postSolution
		{80B58266-0D7E-47A9-95F3-49189D8F324E}.Debug|Any CPU.ActiveCfg = Debug|Any CPU
		{80B58266-0D7E-47A9-95F3-49189D8F324E}.Debug|Any CPU.Build.0 = Debug|Any CPU
		{80B58266-0D7E-47A9-95F3-49189D8F324E}.Release|Any CPU.ActiveCfg = Release|Any CPU
		{80B58266-0D7E-47A9-95F3-49189D8F324E}.Release|Any CPU.Build.0 = Release|Any CPU
	EndGlobalSection
	GlobalSection(SolutionProperties) = preSolution
		HideSolutionNode = FALSE
	EndGlobalSection
	GlobalSection(ExtensibilityGlobals) = postSolution
		SolutionGuid = {1ED6C952-B9A2-4505-80EB-4A6F76F197E1}
	EndGlobalSection
EndGlobal
